
Microsoft Visual Studio Solution File, Format Version 12.00
# Visual Studio Version 16
VisualStudioVersion = 16.0.29215.179
MinimumVisualStudioVersion = 10.0.40219.1
Project("{9A19103F-16F7-4668-BE54-9A1E7A4F7556}") = "BPVAPP_Backend", "BPVAPP-Backend\BPVAPP_Backend.csproj", "{FFE9BE7D-4CD2-4912-BCB6-AEC555B78CF1}"
EndProject
Project("{FAE04EC0-301F-11D3-BF4B-00C04F79EFBC}") = "UnitTestProject BPV", "UnitTestProject BPV\UnitTestProject BPV.csproj", "{0A9E84DA-0D47-4AD2-AEFC-21BA253B097F}"
EndProject
Global
	GlobalSection(SolutionConfigurationPlatforms) = preSolution
		Debug|Any CPU = Debug|Any CPU
		Release|Any CPU = Release|Any CPU
	EndGlobalSection
	GlobalSection(ProjectConfigurationPlatforms) = postSolution
		{FFE9BE7D-4CD2-4912-BCB6-AEC555B78CF1}.Debug|Any CPU.ActiveCfg = Debug|Any CPU
		{FFE9BE7D-4CD2-4912-BCB6-AEC555B78CF1}.Debug|Any CPU.Build.0 = Debug|Any CPU
		{FFE9BE7D-4CD2-4912-BCB6-AEC555B78CF1}.Release|Any CPU.ActiveCfg = Release|Any CPU
		{FFE9BE7D-4CD2-4912-BCB6-AEC555B78CF1}.Release|Any CPU.Build.0 = Release|Any CPU
		{0A9E84DA-0D47-4AD2-AEFC-21BA253B097F}.Debug|Any CPU.ActiveCfg = Debug|Any CPU
		{0A9E84DA-0D47-4AD2-AEFC-21BA253B097F}.Debug|Any CPU.Build.0 = Debug|Any CPU
		{0A9E84DA-0D47-4AD2-AEFC-21BA253B097F}.Release|Any CPU.ActiveCfg = Release|Any CPU
		{0A9E84DA-0D47-4AD2-AEFC-21BA253B097F}.Release|Any CPU.Build.0 = Release|Any CPU
	EndGlobalSection
	GlobalSection(SolutionProperties) = preSolution
		HideSolutionNode = FALSE
	EndGlobalSection
	GlobalSection(ExtensibilityGlobals) = postSolution
		SolutionGuid = {A21AEDAE-0FFD-4B9E-B524-9186D722ED8C}
	EndGlobalSection
EndGlobal
